
Microsoft Visual Studio Solution File, Format Version 12.00
# Visual Studio Version 16
VisualStudioVersion = 16.0.30204.135
MinimumVisualStudioVersion = 10.0.40219.1
Project("{A07B5EB6-E848-4116-A8D0-A826331D98C6}") = "ComDevFabricApp", "ComDevFabricApp\ComDevFabricApp.sfproj", "{97BF53A4-2949-4D41-983A-B2695A117962}"
EndProject
Project("{9A19103F-16F7-4668-BE54-9A1E7A4F7556}") = "IoTHubService", "IoTHubService\IoTHubService.csproj", "{F711C4B1-8386-4BA3-9FC8-347CC6FB82F7}"
EndProject
Project("{2150E333-8FDC-42A3-9474-1A3956D46DE8}") = "CommonShares", "CommonShares", "{366208EC-9C25-4CC2-88CF-5C166759C6FE}"
EndProject
Project("{9A19103F-16F7-4668-BE54-9A1E7A4F7556}") = "Common.MicroServices", "Common.MicroServices\Common.MicroServices.csproj", "{6784BA51-944B-43C8-8DAA-3BBAEBC55210}"
EndProject
Project("{FAE04EC0-301F-11D3-BF4B-00C04F79EFBC}") = "Common", "Common\Common.csproj", "{C25E08CA-3FAC-4B50-B044-56AE5BE5CEA7}"
EndProject
Global
	GlobalSection(SolutionConfigurationPlatforms) = preSolution
		Debug|Any CPU = Debug|Any CPU
		Debug|x64 = Debug|x64
		Release|Any CPU = Release|Any CPU
		Release|x64 = Release|x64
	EndGlobalSection
	GlobalSection(ProjectConfigurationPlatforms) = postSolution
		{97BF53A4-2949-4D41-983A-B2695A117962}.Debug|Any CPU.ActiveCfg = Debug|x64
		{97BF53A4-2949-4D41-983A-B2695A117962}.Debug|x64.ActiveCfg = Debug|x64
		{97BF53A4-2949-4D41-983A-B2695A117962}.Debug|x64.Build.0 = Debug|x64
		{97BF53A4-2949-4D41-983A-B2695A117962}.Debug|x64.Deploy.0 = Debug|x64
		{97BF53A4-2949-4D41-983A-B2695A117962}.Release|Any CPU.ActiveCfg = Release|x64
		{97BF53A4-2949-4D41-983A-B2695A117962}.Release|x64.ActiveCfg = Release|x64
		{97BF53A4-2949-4D41-983A-B2695A117962}.Release|x64.Build.0 = Release|x64
		{97BF53A4-2949-4D41-983A-B2695A117962}.Release|x64.Deploy.0 = Release|x64
		{F711C4B1-8386-4BA3-9FC8-347CC6FB82F7}.Debug|Any CPU.ActiveCfg = Debug|Any CPU
		{F711C4B1-8386-4BA3-9FC8-347CC6FB82F7}.Debug|Any CPU.Build.0 = Debug|Any CPU
		{F711C4B1-8386-4BA3-9FC8-347CC6FB82F7}.Debug|x64.ActiveCfg = Debug|Any CPU
		{F711C4B1-8386-4BA3-9FC8-347CC6FB82F7}.Debug|x64.Build.0 = Debug|Any CPU
		{F711C4B1-8386-4BA3-9FC8-347CC6FB82F7}.Release|Any CPU.ActiveCfg = Release|Any CPU
		{F711C4B1-8386-4BA3-9FC8-347CC6FB82F7}.Release|Any CPU.Build.0 = Release|Any CPU
		{F711C4B1-8386-4BA3-9FC8-347CC6FB82F7}.Release|x64.ActiveCfg = Release|Any CPU
		{F711C4B1-8386-4BA3-9FC8-347CC6FB82F7}.Release|x64.Build.0 = Release|Any CPU
		{6784BA51-944B-43C8-8DAA-3BBAEBC55210}.Debug|Any CPU.ActiveCfg = Debug|Any CPU
		{6784BA51-944B-43C8-8DAA-3BBAEBC55210}.Debug|Any CPU.Build.0 = Debug|Any CPU
		{6784BA51-944B-43C8-8DAA-3BBAEBC55210}.Debug|x64.ActiveCfg = Debug|Any CPU
		{6784BA51-944B-43C8-8DAA-3BBAEBC55210}.Debug|x64.Build.0 = Debug|Any CPU
		{6784BA51-944B-43C8-8DAA-3BBAEBC55210}.Release|Any CPU.ActiveCfg = Release|Any CPU
		{6784BA51-944B-43C8-8DAA-3BBAEBC55210}.Release|Any CPU.Build.0 = Release|Any CPU
		{6784BA51-944B-43C8-8DAA-3BBAEBC55210}.Release|x64.ActiveCfg = Release|Any CPU
		{6784BA51-944B-43C8-8DAA-3BBAEBC55210}.Release|x64.Build.0 = Release|Any CPU
		{C25E08CA-3FAC-4B50-B044-56AE5BE5CEA7}.Debug|Any CPU.ActiveCfg = Debug|Any CPU
		{C25E08CA-3FAC-4B50-B044-56AE5BE5CEA7}.Debug|Any CPU.Build.0 = Debug|Any CPU
		{C25E08CA-3FAC-4B50-B044-56AE5BE5CEA7}.Debug|x64.ActiveCfg = Debug|Any CPU
		{C25E08CA-3FAC-4B50-B044-56AE5BE5CEA7}.Debug|x64.Build.0 = Debug|Any CPU
		{C25E08CA-3FAC-4B50-B044-56AE5BE5CEA7}.Release|Any CPU.ActiveCfg = Release|Any CPU
		{C25E08CA-3FAC-4B50-B044-56AE5BE5CEA7}.Release|Any CPU.Build.0 = Release|Any CPU
		{C25E08CA-3FAC-4B50-B044-56AE5BE5CEA7}.Release|x64.ActiveCfg = Release|Any CPU
		{C25E08CA-3FAC-4B50-B044-56AE5BE5CEA7}.Release|x64.Build.0 = Release|Any CPU
	EndGlobalSection
	GlobalSection(SolutionProperties) = preSolution
		HideSolutionNode = FALSE
	EndGlobalSection
	GlobalSection(NestedProjects) = preSolution
		{6784BA51-944B-43C8-8DAA-3BBAEBC55210} = {366208EC-9C25-4CC2-88CF-5C166759C6FE}
		{C25E08CA-3FAC-4B50-B044-56AE5BE5CEA7} = {366208EC-9C25-4CC2-88CF-5C166759C6FE}
	EndGlobalSection
	GlobalSection(ExtensibilityGlobals) = postSolution
		SolutionGuid = {460629C9-BD07-452E-98EB-D078DFB31B16}
	EndGlobalSection
EndGlobal
